{
  "name": "yoonspeechtime",
  "lockfileVersion": 3,
  "requires": true,
  "packages": {
    "": {
      "dependencies": {
        "@upstash/redis": "^1.36.1",
        "solapi": "^5"
      }
    },
    "node_modules/@standard-schema/spec": {
      "version": "1.1.0",
      "resolved": "https://registry.npmjs.org/@standard-schema/spec/-/spec-1.1.0.tgz",
      "integrity": "sha512-l2aFy5jALhniG5HgqrD6jXLi/rUWrKvqN/qJx6yoJsgKhblVd+iqqU4RCXavm/jPityDo5TCvKMnpjKnOriy0w==",
      "license": "MIT"
    },
    "node_modules/@upstash/redis": {
      "version": "1.36.1",
      "resolved": "https://registry.npmjs.org/@upstash/redis/-/redis-1.36.1.tgz",
      "integrity": "sha512-N6SjDcgXdOcTAF+7uNoY69o7hCspe9BcA7YjQdxVu5d25avljTwyLaHBW3krWjrP0FfocgMk94qyVtQbeDp39A==",
      "license": "MIT",
      "dependencies": {
        "uncrypto": "^0.1.3"
      }
    },
    "node_modules/date-fns": {
      "version": "4.1.0",
      "resolved": "https://registry.npmjs.org/date-fns/-/date-fns-4.1.0.tgz",
      "integrity": "sha512-Ukq0owbQXxa/U3EGtsdVBkR1w7KOQ5gIBqdH2hkvknzZPYvBxb/aa6E8L7tmjFtkwZBu3UXBbjIgPo/Ez4xaNg==",
      "license": "MIT",
      "funding": {
        "type": "github",
        "url": "https://github.com/sponsors/kossnocorp"
      }
    },
    "node_modules/effect": {
      "version": "3.19.15",
      "resolved": "https://registry.npmjs.org/effect/-/effect-3.19.15.tgz",
      "integrity": "sha512-vzMmgfZKLcojmUjBdlQx+uaKryO7yULlRxjpDnHdnvcp1NPHxJyoM6IOXBLlzz2I/uPtZpGKavt5hBv7IvGZkA==",
      "license": "MIT",
      "dependencies": {
        "@standard-schema/spec": "^1.0.0",
        "fast-check": "^3.23.1"
      }
    },
    "node_modules/fast-check": {
      "version": "3.23.2",
      "resolved": "https://registry.npmjs.org/fast-check/-/fast-check-3.23.2.tgz",
      "integrity": "sha512-h5+1OzzfCC3Ef7VbtKdcv7zsstUQwUDlYpUTvjeUsJAssPgLn7QzbboPtL5ro04Mq0rPOsMzl7q5hIbRs2wD1A==",
      "funding": [
        {
          "type": "individual",
          "url": "https://github.com/sponsors/dubzzz"
        },
        {
          "type": "opencollective",
          "url": "https://opencollective.com/fast-check"
        }
      ],
      "license": "MIT",
      "dependencies": {
        "pure-rand": "^6.1.0"
      },
      "engines": {
        "node": ">=8.0.0"
      }
    },
    "node_modules/pure-rand": {
      "version": "6.1.0",
      "resolved": "https://registry.npmjs.org/pure-rand/-/pure-rand-6.1.0.tgz",
      "integrity": "sha512-bVWawvoZoBYpp6yIoQtQXHZjmz35RSVHnUOTefl8Vcjr8snTPY1wnpSPMWekcFwbxI6gtmT7rSYPFvz71ldiOA==",
      "funding": [
        {
          "type": "individual",
          "url": "https://github.com/sponsors/dubzzz"
        },
        {
          "type": "opencollective",
          "url": "https://opencollective.com/fast-check"
        }
      ],
      "license": "MIT"
    },
    "node_modules/solapi": {
      "version": "5.5.4",
      "resolved": "https://registry.npmjs.org/solapi/-/solapi-5.5.4.tgz",
      "integrity": "sha512-mtjarjA5C6XG60ZelOg7wwj4ScysIro8wv6vXjCEwTYns2uRiy4mu6C1oMCZl51Jw79U0E2oU6ssksuqgpcTzg==",
      "license": "MIT",
      "dependencies": {
        "date-fns": "^4.1.0",
        "effect": "^3.19.14"
      },
      "engines": {
        "node": ">=18"
      }
    },
    "node_modules/uncrypto": {
      "version": "0.1.3",
      "resolved": "https://registry.npmjs.org/uncrypto/-/uncrypto-0.1.3.tgz",
      "integrity": "sha512-Ql87qFHB3s/De2ClA9e0gsnS6zXG27SkTiSJwjCc9MebbfapQfuPzumMIUMi38ezPZVNFcHI9sUIepeQfw8J8Q==",
      "license": "MIT"
    }
  }
}
